{
	"name": "@bryanjhv/dockaddy",
	"version": "0.0.0",
	"lockfileVersion": 3,
	"requires": true,
	"packages": {
		"": {
			"name": "@bryanjhv/dockaddy",
			"version": "0.0.0",
			"devDependencies": {
				"@tsconfig/node-ts": "23.6.4",
				"@tsconfig/strictest": "2.0.8",
				"typescript": "6.0.3"
			}
		},
		"node_modules/@tsconfig/node-ts": {
			"version": "23.6.4",
			"resolved": "https://registry.npmjs.org/@tsconfig/node-ts/-/node-ts-23.6.4.tgz",
			"integrity": "sha512-37BMJvNQZ+vTgd1xG2TGBkJ6ENeT4eO4Wh2CHrnn0IwH7ybLFCzh4Uc//kc7UIvqiRac4uGdIc1meKOjMSlKzw==",
			"dev": true,
			"license": "MIT"
		},
		"node_modules/@tsconfig/strictest": {
			"version": "2.0.8",
			"resolved": "https://registry.npmjs.org/@tsconfig/strictest/-/strictest-2.0.8.tgz",
			"integrity": "sha512-XnQ7vNz5HRN0r88GYf1J9JJjqtZPiHt2woGJOo2dYqyHGGcd6OLGqSlBB6p1j9mpzja6Oe5BoPqWmeDx6X9rLw==",
			"dev": true,
			"license": "MIT"
		},
		"node_modules/typescript": {
			"version": "6.0.3",
			"resolved": "https://registry.npmjs.org/typescript/-/typescript-6.0.3.tgz",
			"integrity": "sha512-y2TvuxSZPDyQakkFRPZHKFm+KKVqIisdg9/CZwm9ftvKXLP8NRWj38/ODjNbr43SsoXqNuAisEf1GdCxqWcdBw==",
			"dev": true,
			"license": "Apache-2.0",
			"bin": {
				"tsc": "bin/tsc",
				"tsserver": "bin/tsserver"
			},
			"engines": {
				"node": ">=14.17"
			}
		}
	}
}
